
Microsoft Visual Studio Solution File, Format Version 12.00
# Visual Studio Version 17
VisualStudioVersion = 17.2.32630.192
MinimumVisualStudioVersion = 10.0.40219.1
Project("{9A19103F-16F7-4668-BE54-9A1E7A4F7556}") = "EcommerceBlazor.Server", "EcommerceBlazor\Server\EcommerceBlazor.Server.csproj", "{62A18C85-F56C-4E15-AFDC-C3A32DC061AB}"
EndProject
Project("{9A19103F-16F7-4668-BE54-9A1E7A4F7556}") = "EcommerceBlazor.Client", "EcommerceBlazor\Client\EcommerceBlazor.Client.csproj", "{16B17991-F146-4E8D-B5E1-1974428AFCA3}"
EndProject
Project("{9A19103F-16F7-4668-BE54-9A1E7A4F7556}") = "EcommerceBlazor.Shared", "EcommerceBlazor\Shared\EcommerceBlazor.Shared.csproj", "{B9978AC1-2398-44C2-8491-545BDB4569D0}"
EndProject
Global
	GlobalSection(SolutionConfigurationPlatforms) = preSolution
		Debug|Any CPU = Debug|Any CPU
		Release|Any CPU = Release|Any CPU
	EndGlobalSection
	GlobalSection(ProjectConfigurationPlatforms) = postSolution
		{62A18C85-F56C-4E15-AFDC-C3A32DC061AB}.Debug|Any CPU.ActiveCfg = Debug|Any CPU
		{62A18C85-F56C-4E15-AFDC-C3A32DC061AB}.Debug|Any CPU.Build.0 = Debug|Any CPU
		{62A18C85-F56C-4E15-AFDC-C3A32DC061AB}.Release|Any CPU.ActiveCfg = Release|Any CPU
		{62A18C85-F56C-4E15-AFDC-C3A32DC061AB}.Release|Any CPU.Build.0 = Release|Any CPU
		{16B17991-F146-4E8D-B5E1-1974428AFCA3}.Debug|Any CPU.ActiveCfg = Debug|Any CPU
		{16B17991-F146-4E8D-B5E1-1974428AFCA3}.Debug|Any CPU.Build.0 = Debug|Any CPU
		{16B17991-F146-4E8D-B5E1-1974428AFCA3}.Release|Any CPU.ActiveCfg = Release|Any CPU
		{16B17991-F146-4E8D-B5E1-1974428AFCA3}.Release|Any CPU.Build.0 = Release|Any CPU
		{B9978AC1-2398-44C2-8491-545BDB4569D0}.Debug|Any CPU.ActiveCfg = Debug|Any CPU
		{B9978AC1-2398-44C2-8491-545BDB4569D0}.Debug|Any CPU.Build.0 = Debug|Any CPU
		{B9978AC1-2398-44C2-8491-545BDB4569D0}.Release|Any CPU.ActiveCfg = Release|Any CPU
		{B9978AC1-2398-44C2-8491-545BDB4569D0}.Release|Any CPU.Build.0 = Release|Any CPU
	EndGlobalSection
	GlobalSection(SolutionProperties) = preSolution
		HideSolutionNode = FALSE
	EndGlobalSection
	GlobalSection(ExtensibilityGlobals) = postSolution
		SolutionGuid = {23BD6F5A-5909-4B80-AF14-85FA57D0DBB5}
	EndGlobalSection
EndGlobal
